
Microsoft Visual Studio Solution File, Format Version 12.00
# Visual Studio Version 17
VisualStudioVersion = 17.11.35312.102
MinimumVisualStudioVersion = 10.0.40219.1
Project("{FAE04EC0-301F-11D3-BF4B-00C04F79EFBC}") = "CharpEgitimKampi301.EntiyLayer", "CharpEgitimKampi301.EntiyLayer\CharpEgitimKampi301.EntiyLayer.csproj", "{CBB02A2A-2105-4F6E-9CD6-984B79D9AD8B}"
EndProject
Project("{FAE04EC0-301F-11D3-BF4B-00C04F79EFBC}") = "CharpEgitimKampi301.DataAccessLayer", "CharpEgitimKampi301.DataAccessLayer\CharpEgitimKampi301.DataAccessLayer.csproj", "{4576BC57-17B8-437E-992F-01A3BBD534E3}"
EndProject
Project("{FAE04EC0-301F-11D3-BF4B-00C04F79EFBC}") = "CharpEgitimKampi301BusinessLayer", "CharpEgitimKampi301BusinessLayer\CharpEgitimKampi301BusinessLayer.csproj", "{A5FB9360-2029-47EF-9292-0B65C9F56ABF}"
EndProject
Project("{FAE04EC0-301F-11D3-BF4B-00C04F79EFBC}") = "CharpEgitimKampi301.PresentationLayer", "CharpEgitimKampi301.PresentationLayer\CharpEgitimKampi301.PresentationLayer.csproj", "{60210D1D-8E71-4622-81A7-94D2A0E27441}"
EndProject
Project("{FAE04EC0-301F-11D3-BF4B-00C04F79EFBC}") = "CharpEgitimKampi301.EFProject", "CharpEgitimKampi301.EFProject\CharpEgitimKampi301.EFProject.csproj", "{79877BB8-851B-4D6D-9C81-4935480ADEF1}"
EndProject
Project("{FAE04EC0-301F-11D3-BF4B-00C04F79EFBC}") = "FinancialCrm", "FinancialCrm\FinancialCrm.csproj", "{C8AACC45-17FB-49AF-84D7-1A88E61B844A}"
EndProject
Global
	GlobalSection(SolutionConfigurationPlatforms) = preSolution
		Debug|Any CPU = Debug|Any CPU
		Release|Any CPU = Release|Any CPU
	EndGlobalSection
	GlobalSection(ProjectConfigurationPlatforms) = postSolution
		{CBB02A2A-2105-4F6E-9CD6-984B79D9AD8B}.Debug|Any CPU.ActiveCfg = Debug|Any CPU
		{CBB02A2A-2105-4F6E-9CD6-984B79D9AD8B}.Debug|Any CPU.Build.0 = Debug|Any CPU
		{CBB02A2A-2105-4F6E-9CD6-984B79D9AD8B}.Release|Any CPU.ActiveCfg = Release|Any CPU
		{CBB02A2A-2105-4F6E-9CD6-984B79D9AD8B}.Release|Any CPU.Build.0 = Release|Any CPU
		{4576BC57-17B8-437E-992F-01A3BBD534E3}.Debug|Any CPU.ActiveCfg = Debug|Any CPU
		{4576BC57-17B8-437E-992F-01A3BBD534E3}.Debug|Any CPU.Build.0 = Debug|Any CPU
		{4576BC57-17B8-437E-992F-01A3BBD534E3}.Release|Any CPU.ActiveCfg = Release|Any CPU
		{4576BC57-17B8-437E-992F-01A3BBD534E3}.Release|Any CPU.Build.0 = Release|Any CPU
		{A5FB9360-2029-47EF-9292-0B65C9F56ABF}.Debug|Any CPU.ActiveCfg = Debug|Any CPU
		{A5FB9360-2029-47EF-9292-0B65C9F56ABF}.Debug|Any CPU.Build.0 = Debug|Any CPU
		{A5FB9360-2029-47EF-9292-0B65C9F56ABF}.Release|Any CPU.ActiveCfg = Release|Any CPU
		{A5FB9360-2029-47EF-9292-0B65C9F56ABF}.Release|Any CPU.Build.0 = Release|Any CPU
		{60210D1D-8E71-4622-81A7-94D2A0E27441}.Debug|Any CPU.ActiveCfg = Debug|Any CPU
		{60210D1D-8E71-4622-81A7-94D2A0E27441}.Debug|Any CPU.Build.0 = Debug|Any CPU
		{60210D1D-8E71-4622-81A7-94D2A0E27441}.Release|Any CPU.ActiveCfg = Release|Any CPU
		{60210D1D-8E71-4622-81A7-94D2A0E27441}.Release|Any CPU.Build.0 = Release|Any CPU
		{79877BB8-851B-4D6D-9C81-4935480ADEF1}.Debug|Any CPU.ActiveCfg = Debug|Any CPU
		{79877BB8-851B-4D6D-9C81-4935480ADEF1}.Debug|Any CPU.Build.0 = Debug|Any CPU
		{79877BB8-851B-4D6D-9C81-4935480ADEF1}.Release|Any CPU.ActiveCfg = Release|Any CPU
		{79877BB8-851B-4D6D-9C81-4935480ADEF1}.Release|Any CPU.Build.0 = Release|Any CPU
		{C8AACC45-17FB-49AF-84D7-1A88E61B844A}.Debug|Any CPU.ActiveCfg = Debug|Any CPU
		{C8AACC45-17FB-49AF-84D7-1A88E61B844A}.Debug|Any CPU.Build.0 = Debug|Any CPU
		{C8AACC45-17FB-49AF-84D7-1A88E61B844A}.Release|Any CPU.ActiveCfg = Release|Any CPU
		{C8AACC45-17FB-49AF-84D7-1A88E61B844A}.Release|Any CPU.Build.0 = Release|Any CPU
	EndGlobalSection
	GlobalSection(SolutionProperties) = preSolution
		HideSolutionNode = FALSE
	EndGlobalSection
	GlobalSection(ExtensibilityGlobals) = postSolution
		SolutionGuid = {46B41162-DEF7-41C6-9833-5DE32A5441E3}
	EndGlobalSection
EndGlobal
